
Microsoft Visual Studio Solution File, Format Version 12.00
# Visual Studio Version 17
VisualStudioVersion = 17.0.31903.59
MinimumVisualStudioVersion = 10.0.40219.1
Project("{2150E333-8FDC-42A3-9474-1A3956D46DE8}") = "src", "src", "{F85FD7AB-912F-4F63-86A4-878726AA7C7D}"
EndProject
Project("{FAE04EC0-301F-11D3-BF4B-00C04F79EFBC}") = "Evection.Detector", "src\Evection.Detector\Evection.Detector.csproj", "{4D395880-508D-4131-A434-3DAD6361E84B}"
EndProject
Project("{FAE04EC0-301F-11D3-BF4B-00C04F79EFBC}") = "Evection.Installer", "src\Evection.Installer\Evection.Installer.csproj", "{2A2D3448-B2FB-4AE8-9C95-8509A1A28A12}"
EndProject
Project("{FAE04EC0-301F-11D3-BF4B-00C04F79EFBC}") = "Evection.Inspector", "src\Evection.Inspector\Evection.Inspector.csproj", "{1A9A8434-07A7-4C0E-8602-5900E56460A5}"
EndProject
Project("{FAE04EC0-301F-11D3-BF4B-00C04F79EFBC}") = "Evection.Cli", "src\Evection.Cli\Evection.Cli.csproj", "{6B10677B-2A75-45C3-9C75-E291D85BDF3F}"
EndProject
Project("{FAE04EC0-301F-11D3-BF4B-00C04F79EFBC}") = "Evection.API", "src\Evection.API\Evection.API.csproj", "{8963A6AF-B5BE-4624-BA36-02D59693D671}"
EndProject
Project("{FAE04EC0-301F-11D3-BF4B-00C04F79EFBC}") = "Evection.Core", "src\Evection.Core\Evection.Core.csproj", "{888758C5-B19D-4EEC-9E3C-113A73E9E320}"
EndProject
Project("{FAE04EC0-301F-11D3-BF4B-00C04F79EFBC}") = "Evection.Core.Mono", "src\Evection.Core.Mono\Evection.Core.Mono.csproj", "{5E40000B-0FC2-45B1-B7EB-0A36AA1D8A2B}"
EndProject
Project("{2150E333-8FDC-42A3-9474-1A3956D46DE8}") = "tests", "tests", "{C639E61C-6D77-4BC3-B84D-D81AA8476819}"
EndProject
Project("{FAE04EC0-301F-11D3-BF4B-00C04F79EFBC}") = "Evection.Tests", "tests\Evection.Tests\Evection.Tests.csproj", "{A1D5819C-DD16-4996-A5AA-91F411EE19CB}"
EndProject
Project("{2150E333-8FDC-42A3-9474-1A3956D46DE8}") = "examples", "examples", "{1BC724EE-7209-4006-94D2-A5329D21CC04}"
EndProject
Project("{FAE04EC0-301F-11D3-BF4B-00C04F79EFBC}") = "HelloMod", "examples\HelloMod\HelloMod.csproj", "{5C35BAFA-6ACD-4562-B9BD-A54F8538DEB9}"
EndProject
Project("{FAE04EC0-301F-11D3-BF4B-00C04F79EFBC}") = "Evection.GUI", "src\Evection.GUI\Evection.GUI.csproj", "{E6FA503C-C7B2-45FA-BCF4-0E2B3C6746D6}"
EndProject
Project("{2150E333-8FDC-42A3-9474-1A3956D46DE8}") = "tools", "tools", "{24DA9A96-7277-431F-A560-9551353B55AF}"
EndProject
Project("{FAE04EC0-301F-11D3-BF4B-00C04F79EFBC}") = "Evection.GUI.Snapshots", "tools\Evection.GUI.Snapshots\Evection.GUI.Snapshots.csproj", "{D49DE1DB-AAC2-4EF5-86E6-F9CA804D9F5D}"
EndProject
Global
	GlobalSection(SolutionConfigurationPlatforms) = preSolution
		Debug|Any CPU = Debug|Any CPU
		Release|Any CPU = Release|Any CPU
	EndGlobalSection
	GlobalSection(SolutionProperties) = preSolution
		HideSolutionNode = FALSE
	EndGlobalSection
	GlobalSection(ProjectConfigurationPlatforms) = postSolution
		{4D395880-508D-4131-A434-3DAD6361E84B}.Debug|Any CPU.ActiveCfg = Debug|Any CPU
		{4D395880-508D-4131-A434-3DAD6361E84B}.Debug|Any CPU.Build.0 = Debug|Any CPU
		{4D395880-508D-4131-A434-3DAD6361E84B}.Release|Any CPU.ActiveCfg = Release|Any CPU
		{4D395880-508D-4131-A434-3DAD6361E84B}.Release|Any CPU.Build.0 = Release|Any CPU
		{2A2D3448-B2FB-4AE8-9C95-8509A1A28A12}.Debug|Any CPU.ActiveCfg = Debug|Any CPU
		{2A2D3448-B2FB-4AE8-9C95-8509A1A28A12}.Debug|Any CPU.Build.0 = Debug|Any CPU
		{2A2D3448-B2FB-4AE8-9C95-8509A1A28A12}.Release|Any CPU.ActiveCfg = Release|Any CPU
		{2A2D3448-B2FB-4AE8-9C95-8509A1A28A12}.Release|Any CPU.Build.0 = Release|Any CPU
		{1A9A8434-07A7-4C0E-8602-5900E56460A5}.Debug|Any CPU.ActiveCfg = Debug|Any CPU
		{1A9A8434-07A7-4C0E-8602-5900E56460A5}.Debug|Any CPU.Build.0 = Debug|Any CPU
		{1A9A8434-07A7-4C0E-8602-5900E56460A5}.Release|Any CPU.ActiveCfg = Release|Any CPU
		{1A9A8434-07A7-4C0E-8602-5900E56460A5}.Release|Any CPU.Build.0 = Release|Any CPU
		{6B10677B-2A75-45C3-9C75-E291D85BDF3F}.Debug|Any CPU.ActiveCfg = Debug|Any CPU
		{6B10677B-2A75-45C3-9C75-E291D85BDF3F}.Debug|Any CPU.Build.0 = Debug|Any CPU
		{6B10677B-2A75-45C3-9C75-E291D85BDF3F}.Release|Any CPU.ActiveCfg = Release|Any CPU
		{6B10677B-2A75-45C3-9C75-E291D85BDF3F}.Release|Any CPU.Build.0 = Release|Any CPU
		{8963A6AF-B5BE-4624-BA36-02D59693D671}.Debug|Any CPU.ActiveCfg = Debug|Any CPU
		{8963A6AF-B5BE-4624-BA36-02D59693D671}.Debug|Any CPU.Build.0 = Debug|Any CPU
		{8963A6AF-B5BE-4624-BA36-02D59693D671}.Release|Any CPU.ActiveCfg = Release|Any CPU
		{8963A6AF-B5BE-4624-BA36-02D59693D671}.Release|Any CPU.Build.0 = Release|Any CPU
		{888758C5-B19D-4EEC-9E3C-113A73E9E320}.Debug|Any CPU.ActiveCfg = Debug|Any CPU
		{888758C5-B19D-4EEC-9E3C-113A73E9E320}.Debug|Any CPU.Build.0 = Debug|Any CPU
		{888758C5-B19D-4EEC-9E3C-113A73E9E320}.Release|Any CPU.ActiveCfg = Release|Any CPU
		{888758C5-B19D-4EEC-9E3C-113A73E9E320}.Release|Any CPU.Build.0 = Release|Any CPU
		{5E40000B-0FC2-45B1-B7EB-0A36AA1D8A2B}.Debug|Any CPU.ActiveCfg = Debug|Any CPU
		{5E40000B-0FC2-45B1-B7EB-0A36AA1D8A2B}.Debug|Any CPU.Build.0 = Debug|Any CPU
		{5E40000B-0FC2-45B1-B7EB-0A36AA1D8A2B}.Release|Any CPU.ActiveCfg = Release|Any CPU
		{5E40000B-0FC2-45B1-B7EB-0A36AA1D8A2B}.Release|Any CPU.Build.0 = Release|Any CPU
		{A1D5819C-DD16-4996-A5AA-91F411EE19CB}.Debug|Any CPU.ActiveCfg = Debug|Any CPU
		{A1D5819C-DD16-4996-A5AA-91F411EE19CB}.Debug|Any CPU.Build.0 = Debug|Any CPU
		{A1D5819C-DD16-4996-A5AA-91F411EE19CB}.Release|Any CPU.ActiveCfg = Release|Any CPU
		{A1D5819C-DD16-4996-A5AA-91F411EE19CB}.Release|Any CPU.Build.0 = Release|Any CPU
		{5C35BAFA-6ACD-4562-B9BD-A54F8538DEB9}.Debug|Any CPU.ActiveCfg = Debug|Any CPU
		{5C35BAFA-6ACD-4562-B9BD-A54F8538DEB9}.Debug|Any CPU.Build.0 = Debug|Any CPU
		{5C35BAFA-6ACD-4562-B9BD-A54F8538DEB9}.Release|Any CPU.ActiveCfg = Release|Any CPU
		{5C35BAFA-6ACD-4562-B9BD-A54F8538DEB9}.Release|Any CPU.Build.0 = Release|Any CPU
		{E6FA503C-C7B2-45FA-BCF4-0E2B3C6746D6}.Debug|Any CPU.ActiveCfg = Debug|Any CPU
		{E6FA503C-C7B2-45FA-BCF4-0E2B3C6746D6}.Debug|Any CPU.Build.0 = Debug|Any CPU
		{E6FA503C-C7B2-45FA-BCF4-0E2B3C6746D6}.Release|Any CPU.ActiveCfg = Release|Any CPU
		{E6FA503C-C7B2-45FA-BCF4-0E2B3C6746D6}.Release|Any CPU.Build.0 = Release|Any CPU
		{D49DE1DB-AAC2-4EF5-86E6-F9CA804D9F5D}.Debug|Any CPU.ActiveCfg = Debug|Any CPU
		{D49DE1DB-AAC2-4EF5-86E6-F9CA804D9F5D}.Debug|Any CPU.Build.0 = Debug|Any CPU
		{D49DE1DB-AAC2-4EF5-86E6-F9CA804D9F5D}.Release|Any CPU.ActiveCfg = Release|Any CPU
		{D49DE1DB-AAC2-4EF5-86E6-F9CA804D9F5D}.Release|Any CPU.Build.0 = Release|Any CPU
	EndGlobalSection
	GlobalSection(NestedProjects) = preSolution
		{4D395880-508D-4131-A434-3DAD6361E84B} = {F85FD7AB-912F-4F63-86A4-878726AA7C7D}
		{2A2D3448-B2FB-4AE8-9C95-8509A1A28A12} = {F85FD7AB-912F-4F63-86A4-878726AA7C7D}
		{1A9A8434-07A7-4C0E-8602-5900E56460A5} = {F85FD7AB-912F-4F63-86A4-878726AA7C7D}
		{6B10677B-2A75-45C3-9C75-E291D85BDF3F} = {F85FD7AB-912F-4F63-86A4-878726AA7C7D}
		{8963A6AF-B5BE-4624-BA36-02D59693D671} = {F85FD7AB-912F-4F63-86A4-878726AA7C7D}
		{888758C5-B19D-4EEC-9E3C-113A73E9E320} = {F85FD7AB-912F-4F63-86A4-878726AA7C7D}
		{5E40000B-0FC2-45B1-B7EB-0A36AA1D8A2B} = {F85FD7AB-912F-4F63-86A4-878726AA7C7D}
		{A1D5819C-DD16-4996-A5AA-91F411EE19CB} = {C639E61C-6D77-4BC3-B84D-D81AA8476819}
		{5C35BAFA-6ACD-4562-B9BD-A54F8538DEB9} = {1BC724EE-7209-4006-94D2-A5329D21CC04}
		{E6FA503C-C7B2-45FA-BCF4-0E2B3C6746D6} = {F85FD7AB-912F-4F63-86A4-878726AA7C7D}
		{D49DE1DB-AAC2-4EF5-86E6-F9CA804D9F5D} = {24DA9A96-7277-431F-A560-9551353B55AF}
	EndGlobalSection
EndGlobal
